<?xml version="1.0" encoding="utf-8"?>
<Project ToolsVersion="4.0" xmlns="http://schemas.microsoft.com/developer/msbuild/2003">
  <ItemGroup>
    <ClCompile Include="GameNode.cpp">
      <Filter>API\GameNode</Filter>
    </ClCompile>
    <ClCompile Include="KeyManager.cpp">
      <Filter>API\Manager</Filter>
    </ClCompile>
    <ClCompile Include="MainGame.cpp">
      <Filter>MainGame</Filter>
    </ClCompile>
    <ClCompile Include="WinMain.cpp">
      <Filter>API</Filter>
    </ClCompile>
    <ClCompile Include="Stdafx.cpp">
      <Filter>API\Stdafx</Filter>
    </ClCompile>
    <ClCompile Include="Image.cpp">
      <Filter>API\Image</Filter>
    </ClCompile>
    <ClCompile Include="ImageManager.cpp">
      <Filter>API\Manager</Filter>
    </ClCompile>
    <ClCompile Include="FontManager.cpp">
      <Filter>API\Manager</Filter>
    </ClCompile>
    <ClCompile Include="Utils.cpp">
      <Filter>API\Utility</Filter>
    </ClCompile>
    <ClCompile Include="TimeManager.cpp">
      <Filter>API\Manager</Filter>
    </ClCompile>
    <ClCompile Include="Timer.cpp">
      <Filter>API\Timer</Filter>
    </ClCompile>
    <ClCompile Include="Animation.cpp">
      <Filter>API\Animation</Filter>
    </ClCompile>
    <ClCompile Include="SceneManager.cpp">
      <Filter>API\Manager</Filter>
    </ClCompile>
    <ClCompile Include="TextDataManager.cpp">
      <Filter>API\Manager</Filter>
    </ClCompile>
    <ClCompile Include="SoundManager.cpp">
      <Filter>API\Manager</Filter>
    </ClCompile>
    <ClCompile Include="ImageClass.cpp">
      <Filter>API\ExamClass</Filter>
    </ClCompile>
    <ClCompile Include="ProgressBar.cpp">
      <Filter>API\Utility</Filter>
    </ClCompile>
    <ClCompile Include="Title.cpp">
      <Filter>FromTheAbyss\Scene</Filter>
    </ClCompile>
    <ClCompile Include="SoundClass.cpp">
      <Filter>API\ExamClass</Filter>
    </ClCompile>
    <ClCompile Include="Save.cpp">
      <Filter>FromTheAbyss\Scene</Filter>
    </ClCompile>
    <ClCompile Include="Text.cpp">
      <Filter>API\ExamClass</Filter>
    </ClCompile>
    <ClCompile Include="Castle.cpp">
      <Filter>FromTheAbyss\Scene\Place</Filter>
    </ClCompile>
    <ClCompile Include="Pub.cpp">
      <Filter>FromTheAbyss\Scene\Place</Filter>
    </ClCompile>
    <ClCompile Include="Square.cpp">
      <Filter>FromTheAbyss\Scene\Place</Filter>
    </ClCompile>
    <ClCompile Include="Store.cpp">
      <Filter>FromTheAbyss\Scene\Place</Filter>
    </ClCompile>
    <ClCompile Include="Tutorial.cpp">
      <Filter>FromTheAbyss\Scene\Place</Filter>
    </ClCompile>
    <ClCompile Include="CheckBox.cpp">
      <Filter>API\ExamClass</Filter>
    </ClCompile>
    <ClCompile Include="MainHall.cpp">
      <Filter>FromTheAbyss\Scene\Place</Filter>
    </ClCompile>
    <ClCompile Include="Abyss.cpp">
      <Filter>FromTheAbyss\Scene\Place\ABYSS</Filter>
    </ClCompile>
    <ClCompile Include="Player.cpp">
      <Filter>FromTheAbyss\Player</Filter>
    </ClCompile>
    <ClCompile Include="Tile.cpp">
      <Filter>FromTheAbyss\Tool</Filter>
    </ClCompile>
    <ClCompile Include="MapTool.cpp">
      <Filter>FromTheAbyss\Tool</Filter>
    </ClCompile>
    <ClCompile Include="Camera.cpp">
      <Filter>API\Utility</Filter>
    </ClCompile>
    <ClCompile Include="AniClass.cpp">
      <Filter>API\ExamClass</Filter>
    </ClCompile>
    <ClCompile Include="STATE.cpp">
      <Filter>FromTheAbyss\Player\STATE</Filter>
    </ClCompile>
    <ClCompile Include="StateBase.cpp">
      <Filter>FromTheAbyss\Player\STATE</Filter>
    </ClCompile>
    <ClCompile Include="StateAttack.cpp">
      <Filter>FromTheAbyss\Player\STATE</Filter>
    </ClCompile>
    <ClCompile Include="Monster.cpp">
      <Filter>FromTheAbyss\Monster</Filter>
    </ClCompile>
    <ClCompile Include="FieldMonster.cpp">
      <Filter>FromTheAbyss\Monster</Filter>
    </ClCompile>
    <ClCompile Include="EnemyManager.cpp">
      <Filter>FromTheAbyss\Monster</Filter>
    </ClCompile>
    <ClCompile Include="BossMonster.cpp">
      <Filter>FromTheAbyss\Monster</Filter>
    </ClCompile>
    <ClCompile Include="ObjectManager.cpp">
      <Filter>API\Manager</Filter>
    </ClCompile>
    <ClCompile Include="DataManager.cpp">
      <Filter>FromTheAbyss</Filter>
    </ClCompile>
    <ClCompile Include="Effect.cpp">
      <Filter>FromTheAbyss\Scene\Place\ABYSS</Filter>
    </ClCompile>
    <ClCompile Include="Stage11.cpp">
      <Filter>FromTheAbyss\Scene\Place\ABYSS\STAGE</Filter>
    </ClCompile>
    <ClCompile Include="Stage14.cpp">
      <Filter>FromTheAbyss\Scene\Place\ABYSS\STAGE</Filter>
    </ClCompile>
    <ClCompile Include="ItemClass.cpp">
      <Filter>FromTheAbyss\Item</Filter>
    </ClCompile>
    <ClCompile Include="SubInven.cpp">
      <Filter>FromTheAbyss\Scene\Place\ABYSS\SubScreen</Filter>
    </ClCompile>
    <ClCompile Include="SubMap.cpp">
      <Filter>FromTheAbyss\Scene\Place\ABYSS\SubScreen</Filter>
    </ClCompile>
    <ClCompile Include="SubMenu.cpp">
      <Filter>FromTheAbyss\Scene\Place\ABYSS\SubScreen</Filter>
    </ClCompile>
    <ClCompile Include="SubStatus.cpp">
      <Filter>FromTheAbyss\Scene\Place\ABYSS\SubScreen</Filter>
    </ClCompile>
    <ClCompile Include="ItemManager.cpp">
      <Filter>FromTheAbyss\Item</Filter>
    </ClCompile>
    <ClCompile Include="Inventory.cpp">
      <Filter>FromTheAbyss\Item</Filter>
    </ClCompile>
    <ClCompile Include="GameOver.cpp">
      <Filter>FromTheAbyss\Scene</Filter>
    </ClCompile>
    <ClCompile Include="StageBossIntro.cpp">
      <Filter>FromTheAbyss\Scene\Place\ABYSS\STAGE</Filter>
    </ClCompile>
  </ItemGroup>
  <ItemGroup>
    <ClInclude Include="GameNode.h">
      <Filter>API\GameNode</Filter>
    </ClInclude>
    <ClInclude Include="CommonMacroFunction.h">
      <Filter>API\Utility</Filter>
    </ClInclude>
    <ClInclude Include="RandomFunction.h">
      <Filter>API\Utility</Filter>
    </ClInclude>
    <ClInclude Include="SingletonBase.h">
      <Filter>API\DesignPattern</Filter>
    </ClInclude>
    <ClInclude Include="KeyManager.h">
      <Filter>API\Manager</Filter>
    </ClInclude>
    <ClInclude Include="MainGame.h">
      <Filter>MainGame</Filter>
    </ClInclude>
    <ClInclude Include="Stdafx.h">
      <Filter>API\Stdafx</Filter>
    </ClInclude>
    <ClInclude Include="Image.h">
      <Filter>API\Image</Filter>
    </ClInclude>
    <ClInclude Include="ImageManager.h">
      <Filter>API\Manager</Filter>
    </ClInclude>
    <ClInclude Include="FontManager.h">
      <Filter>API\Manager</Filter>
    </ClInclude>
    <ClInclude Include="Utils.h">
      <Filter>API\Utility</Filter>
    </ClInclude>
    <ClInclude Include="TimeManager.h">
      <Filter>API\Manager</Filter>
    </ClInclude>
    <ClInclude Include="Timer.h">
      <Filter>API\Timer</Filter>
    </ClInclude>
    <ClInclude Include="Animation.h">
      <Filter>API\Animation</Filter>
    </ClInclude>
    <ClInclude Include="SceneManager.h">
      <Filter>API\Manager</Filter>
    </ClInclude>
    <ClInclude Include="TextDataManager.h">
      <Filter>API\Manager</Filter>
    </ClInclude>
    <ClInclude Include="SoundManager.h">
      <Filter>API\Manager</Filter>
    </ClInclude>
    <ClInclude Include="ImageClass.h">
      <Filter>API\ExamClass</Filter>
    </ClInclude>
    <ClInclude Include="ProgressBar.h">
      <Filter>API\Utility</Filter>
    </ClInclude>
    <ClInclude Include="Title.h">
      <Filter>FromTheAbyss\Scene</Filter>
    </ClInclude>
    <ClInclude Include="SoundClass.h">
      <Filter>API\ExamClass</Filter>
    </ClInclude>
    <ClInclude Include="Save.h">
      <Filter>FromTheAbyss\Scene</Filter>
    </ClInclude>
    <ClInclude Include="Text.h">
      <Filter>API\ExamClass</Filter>
    </ClInclude>
    <ClInclude Include="Castle.h">
      <Filter>FromTheAbyss\Scene\Place</Filter>
    </ClInclude>
    <ClInclude Include="Pub.h">
      <Filter>FromTheAbyss\Scene\Place</Filter>
    </ClInclude>
    <ClInclude Include="Square.h">
      <Filter>FromTheAbyss\Scene\Place</Filter>
    </ClInclude>
    <ClInclude Include="Store.h">
      <Filter>FromTheAbyss\Scene\Place</Filter>
    </ClInclude>
    <ClInclude Include="Tutorial.h">
      <Filter>FromTheAbyss\Scene\Place</Filter>
    </ClInclude>
    <ClInclude Include="CheckBox.h">
      <Filter>API\ExamClass</Filter>
    </ClInclude>
    <ClInclude Include="MainHall.h">
      <Filter>FromTheAbyss\Scene\Place</Filter>
    </ClInclude>
    <ClInclude Include="Abyss.h">
      <Filter>FromTheAbyss\Scene\Place\ABYSS</Filter>
    </ClInclude>
    <ClInclude Include="Player.h">
      <Filter>FromTheAbyss\Player</Filter>
    </ClInclude>
    <ClInclude Include="Tile.h">
      <Filter>FromTheAbyss\Tool</Filter>
    </ClInclude>
    <ClInclude Include="MapTool.h">
      <Filter>FromTheAbyss\Tool</Filter>
    </ClInclude>
    <ClInclude Include="Camera.h">
      <Filter>API\Utility</Filter>
    </ClInclude>
    <ClInclude Include="AniClass.h">
      <Filter>API\ExamClass</Filter>
    </ClInclude>
    <ClInclude Include="STATE.h">
      <Filter>FromTheAbyss\Player\STATE</Filter>
    </ClInclude>
    <ClInclude Include="StateBase.h">
      <Filter>FromTheAbyss\Player\STATE</Filter>
    </ClInclude>
    <ClInclude Include="StateAttack.h">
      <Filter>FromTheAbyss\Player\STATE</Filter>
    </ClInclude>
    <ClInclude Include="Monster.h">
      <Filter>FromTheAbyss\Monster</Filter>
    </ClInclude>
    <ClInclude Include="FieldMonster.h">
      <Filter>FromTheAbyss\Monster</Filter>
    </ClInclude>
    <ClInclude Include="EnemyManager.h">
      <Filter>FromTheAbyss\Monster</Filter>
    </ClInclude>
    <ClInclude Include="BossMonster.h">
      <Filter>FromTheAbyss\Monster</Filter>
    </ClInclude>
    <ClInclude Include="ObjectManager.h">
      <Filter>API\Manager</Filter>
    </ClInclude>
    <ClInclude Include="DataManager.h">
      <Filter>FromTheAbyss</Filter>
    </ClInclude>
    <ClInclude Include="Effect.h">
      <Filter>FromTheAbyss\Scene\Place\ABYSS</Filter>
    </ClInclude>
    <ClInclude Include="Stage11.h">
      <Filter>FromTheAbyss\Scene\Place\ABYSS\STAGE</Filter>
    </ClInclude>
    <ClInclude Include="Stage14.h">
      <Filter>FromTheAbyss\Scene\Place\ABYSS\STAGE</Filter>
    </ClInclude>
    <ClInclude Include="ItemClass.h">
      <Filter>FromTheAbyss\Item</Filter>
    </ClInclude>
    <ClInclude Include="SubInven.h">
      <Filter>FromTheAbyss\Scene\Place\ABYSS\SubScreen</Filter>
    </ClInclude>
    <ClInclude Include="SubMap.h">
      <Filter>FromTheAbyss\Scene\Place\ABYSS\SubScreen</Filter>
    </ClInclude>
    <ClInclude Include="SubMenu.h">
      <Filter>FromTheAbyss\Scene\Place\ABYSS\SubScreen</Filter>
    </ClInclude>
    <ClInclude Include="SubStatus.h">
      <Filter>FromTheAbyss\Scene\Place\ABYSS\SubScreen</Filter>
    </ClInclude>
    <ClInclude Include="ItemManager.h">
      <Filter>FromTheAbyss\Item</Filter>
    </ClInclude>
    <ClInclude Include="Inventory.h">
      <Filter>FromTheAbyss\Item</Filter>
    </ClInclude>
    <ClInclude Include="GameOver.h">
      <Filter>FromTheAbyss\Scene</Filter>
    </ClInclude>
    <ClInclude Include="StageBossIntro.h">
      <Filter>FromTheAbyss\Scene\Place\ABYSS\STAGE</Filter>
    </ClInclude>
  </ItemGroup>
  <ItemGroup>
    <Filter Include="API">
      <UniqueIdentifier>{c4cbdbdf-a3f5-443c-a292-314b607bc0e8}</UniqueIdentifier>
    </Filter>
    <Filter Include="API\Utility">
      <UniqueIdentifier>{41cc903a-8127-4ab3-aefa-95f747b36e7c}</UniqueIdentifier>
    </Filter>
    <Filter Include="API\DesignPattern">
      <UniqueIdentifier>{ddfcb838-f3d6-435b-bb55-d794a3fddc43}</UniqueIdentifier>
    </Filter>
    <Filter Include="API\Manager">
      <UniqueIdentifier>{fd7088a5-c60e-496b-8bb8-16893861a2aa}</UniqueIdentifier>
    </Filter>
    <Filter Include="MainGame">
      <UniqueIdentifier>{3659e94e-c15f-4f2a-a005-dd8f48d76e5b}</UniqueIdentifier>
    </Filter>
    <Filter Include="API\Stdafx">
      <UniqueIdentifier>{86133b6d-3090-4dfd-9207-7bd41a85c82f}</UniqueIdentifier>
    </Filter>
    <Filter Include="API\Image">
      <UniqueIdentifier>{8d922d20-6355-46b1-8bdb-4e7951c55ed6}</UniqueIdentifier>
    </Filter>
    <Filter Include="API\ExamClass">
      <UniqueIdentifier>{ce243ada-8677-40d8-b61e-44530ea6d6b1}</UniqueIdentifier>
    </Filter>
    <Filter Include="API\Timer">
      <UniqueIdentifier>{261a371e-90ab-4389-8e7a-00b2b3e90a08}</UniqueIdentifier>
    </Filter>
    <Filter Include="API\Animation">
      <UniqueIdentifier>{2d83bac2-39e2-4d1b-8176-b19312f56e30}</UniqueIdentifier>
    </Filter>
    <Filter Include="API\GameNode">
      <UniqueIdentifier>{67442a1c-806f-41ef-813c-0de14b734860}</UniqueIdentifier>
    </Filter>
    <Filter Include="FromTheAbyss">
      <UniqueIdentifier>{59d5bee3-5116-483a-b659-ad55f413af55}</UniqueIdentifier>
    </Filter>
    <Filter Include="FromTheAbyss\Monster">
      <UniqueIdentifier>{4119e0e1-7c3e-4fb9-9ca7-0a8a84b69522}</UniqueIdentifier>
    </Filter>
    <Filter Include="FromTheAbyss\Player">
      <UniqueIdentifier>{e37c08ee-17d8-4ed4-993f-b210c3e3b6a3}</UniqueIdentifier>
    </Filter>
    <Filter Include="FromTheAbyss\Scene">
      <UniqueIdentifier>{0d5c9d18-b90d-42e9-a15f-e76799dff182}</UniqueIdentifier>
    </Filter>
    <Filter Include="FromTheAbyss\Scene\Place">
      <UniqueIdentifier>{dfc1babf-5902-4449-93b7-66f4ca35d40b}</UniqueIdentifier>
    </Filter>
    <Filter Include="FromTheAbyss\Scene\Place\ABYSS">
      <UniqueIdentifier>{01cfe9e3-ce8d-4030-8218-a32317f6931d}</UniqueIdentifier>
    </Filter>
    <Filter Include="FromTheAbyss\Tool">
      <UniqueIdentifier>{1bf81a9c-95c0-4a57-bec5-d0368345da28}</UniqueIdentifier>
    </Filter>
    <Filter Include="FromTheAbyss\Item">
      <UniqueIdentifier>{f9e3b93f-7537-4007-af56-e405ba4c8483}</UniqueIdentifier>
    </Filter>
    <Filter Include="FromTheAbyss\Player\STATE">
      <UniqueIdentifier>{2b7d1599-898c-4ee6-bab5-d2df68860f1a}</UniqueIdentifier>
    </Filter>
    <Filter Include="FromTheAbyss\Scene\Place\ABYSS\STAGE">
      <UniqueIdentifier>{5bc7d481-4c57-49bd-b9b6-8638a868ee8b}</UniqueIdentifier>
    </Filter>
    <Filter Include="FromTheAbyss\Scene\Place\ABYSS\SubScreen">
      <UniqueIdentifier>{6e18599b-0d9d-47ad-87b0-271ce24e6ee9}</UniqueIdentifier>
    </Filter>
  </ItemGroup>
</Project>